
Microsoft Visual Studio Solution File, Format Version 12.00
# Visual Studio 14
VisualStudioVersion = 14.0.25123.0
MinimumVisualStudioVersion = 10.0.40219.1
Project("{FAE04EC0-301F-11D3-BF4B-00C04F79EFBC}") = "ExerciseConsoleApp", "ExerciseConsoleApp\ExerciseConsoleApp.csproj", "{B7630247-D3F0-4BBD-867C-0B279EF10038}"
EndProject
Project("{FAE04EC0-301F-11D3-BF4B-00C04F79EFBC}") = "ExerciseConsoleApp.ConsoleUtilities", "ExerciseConsoleApp.ConsoleUtilities\ExerciseConsoleApp.ConsoleUtilities.csproj", "{9046E950-8532-4EFB-9AD9-ADF0CE569540}"
EndProject
Global
	GlobalSection(SolutionConfigurationPlatforms) = preSolution
		Debug|Any CPU = Debug|Any CPU
		Release|Any CPU = Release|Any CPU
	EndGlobalSection
	GlobalSection(ProjectConfigurationPlatforms) = postSolution
		{B7630247-D3F0-4BBD-867C-0B279EF10038}.Debug|Any CPU.ActiveCfg = Debug|Any CPU
		{B7630247-D3F0-4BBD-867C-0B279EF10038}.Debug|Any CPU.Build.0 = Debug|Any CPU
		{B7630247-D3F0-4BBD-867C-0B279EF10038}.Release|Any CPU.ActiveCfg = Release|Any CPU
		{B7630247-D3F0-4BBD-867C-0B279EF10038}.Release|Any CPU.Build.0 = Release|Any CPU
		{9046E950-8532-4EFB-9AD9-ADF0CE569540}.Debug|Any CPU.ActiveCfg = Debug|Any CPU
		{9046E950-8532-4EFB-9AD9-ADF0CE569540}.Debug|Any CPU.Build.0 = Debug|Any CPU
		{9046E950-8532-4EFB-9AD9-ADF0CE569540}.Release|Any CPU.ActiveCfg = Release|Any CPU
		{9046E950-8532-4EFB-9AD9-ADF0CE569540}.Release|Any CPU.Build.0 = Release|Any CPU
	EndGlobalSection
	GlobalSection(SolutionProperties) = preSolution
		HideSolutionNode = FALSE
	EndGlobalSection
EndGlobal
